# This file is automatically @generated by Cargo.
# It is not intended for manual editing.
version = 3

[[package]]
name = "autocfg"
version = "1.0.1"
source = "registry+https://github.com/rust-lang/crates.io-index"
checksum = "cdb031dd78e28731d87d56cc8ffef4a8f36ca26c38fe2de700543e627f8a464a"

[[package]]
name = "glam"
version = "0.13.1"
source = "registry+https://github.com/rust-lang/crates.io-index"
checksum = "70155b56080764b8b758e91e4c63d06da0262c0c939f2cd991cd1382087147df"
dependencies = [
 "num-traits",
 "spirv-std 0.4.0-alpha.3 (registry+https://github.com/rust-lang/crates.io-index)",
]

[[package]]
name = "kernel"
version = "0.1.0"
dependencies = [
 "glam",
 "spirv-std 0.4.0-alpha.3 (git+https://github.com/EmbarkStudios/rust-gpu?rev=4395b841141)",
 "spirv-std-macros 0.4.0-alpha.3 (git+https://github.com/EmbarkStudios/rust-gpu?rev=4395b841141)",
]

[[package]]
name = "libm"
version = "0.2.1"
source = "registry+https://github.com/rust-lang/crates.io-index"
checksum = "c7d73b3f436185384286bd8098d17ec07c9a7d2388a6599f824d8502b529702a"

[[package]]
name = "num-traits"
version = "0.2.14"
source = "registry+https://github.com/rust-lang/crates.io-index"
checksum = "9a64b1ec5cda2586e284722486d802acf1f7dbdc623e2bfc57e65ca1cd099290"
dependencies = [
 "autocfg",
 "libm",
]

[[package]]
name = "proc-macro2"
version = "1.0.26"
source = "registry+https://github.com/rust-lang/crates.io-index"
checksum = "a152013215dca273577e18d2bf00fa862b89b24169fb78c4c95aeb07992c9cec"
dependencies = [
 "unicode-xid",
]

[[package]]
name = "quote"
version = "1.0.9"
source = "registry+https://github.com/rust-lang/crates.io-index"
checksum = "c3d0b9745dc2debf507c8422de05d7226cc1f0644216dfdfead988f9b1ab32a7"
dependencies = [
 "proc-macro2",
]

[[package]]
name = "spirv-std"
version = "0.4.0-alpha.3"
source = "git+https://github.com/EmbarkStudios/rust-gpu?rev=4395b841141#4395b84114115752df2829c23109bb6c5048f4ec"
dependencies = [
 "num-traits",
 "spirv-std-macros 0.4.0-alpha.3 (git+https://github.com/EmbarkStudios/rust-gpu?rev=4395b841141)",
]

[[package]]
name = "spirv-std"
version = "0.4.0-alpha.3"
source = "registry+https://github.com/rust-lang/crates.io-index"
checksum = "6de6f1b80004dfc3e9e02fdf8eb32c663f3b85e3942f39d02b6540ed0d2460dd"
dependencies = [
 "num-traits",
 "spirv-std-macros 0.4.0-alpha.3 (registry+https://github.com/rust-lang/crates.io-index)",
]

[[package]]
name = "spirv-std-macros"
version = "0.4.0-alpha.3"
source = "git+https://github.com/EmbarkStudios/rust-gpu?rev=4395b841141#4395b84114115752df2829c23109bb6c5048f4ec"
dependencies = [
 "proc-macro2",
 "quote",
 "syn",
]

[[package]]
name = "spirv-std-macros"
version = "0.4.0-alpha.3"
source = "registry+https://github.com/rust-lang/crates.io-index"
checksum = "f4972082b5236fd57a46cc47fbc315ad78b5ad07b33e51077c688a2fe28d6f2d"
dependencies = [
 "proc-macro2",
 "quote",
 "syn",
]

[[package]]
name = "syn"
version = "1.0.68"
source = "registry+https://github.com/rust-lang/crates.io-index"
checksum = "3ce15dd3ed8aa2f8eeac4716d6ef5ab58b6b9256db41d7e1a0224c2788e8fd87"
dependencies = [
 "proc-macro2",
 "quote",
 "unicode-xid",
]

[[package]]
name = "unicode-xid"
version = "0.2.1"
source = "registry+https://github.com/rust-lang/crates.io-index"
checksum = "f7fe0bb3479651439c9112f72b6c505038574c9fbb575ed1bf3b797fa39dd564"
